
Microsoft Visual Studio Solution File, Format Version 12.00
# Visual Studio Version 17
VisualStudioVersion = 17.14.36616.10 d17.14
MinimumVisualStudioVersion = 10.0.40219.1
Project("{FAE04EC0-301F-11D3-BF4B-00C04F79EFBC}") = "HamatetsuScheduler.Api", "HamatetsuScheduler.Api\HamatetsuScheduler.Api.csproj", "{DF505CA8-A6F5-408A-B288-47BBE0576866}"
EndProject
Global
	GlobalSection(SolutionConfigurationPlatforms) = preSolution
		Debug|Any CPU = Debug|Any CPU
		Release|Any CPU = Release|Any CPU
	EndGlobalSection
	GlobalSection(ProjectConfigurationPlatforms) = postSolution
		{DF505CA8-A6F5-408A-B288-47BBE0576866}.Debug|Any CPU.ActiveCfg = Debug|Any CPU
		{DF505CA8-A6F5-408A-B288-47BBE0576866}.Debug|Any CPU.Build.0 = Debug|Any CPU
		{DF505CA8-A6F5-408A-B288-47BBE0576866}.Release|Any CPU.ActiveCfg = Release|Any CPU
		{DF505CA8-A6F5-408A-B288-47BBE0576866}.Release|Any CPU.Build.0 = Release|Any CPU
	EndGlobalSection
	GlobalSection(SolutionProperties) = preSolution
		HideSolutionNode = FALSE
	EndGlobalSection
	GlobalSection(ExtensibilityGlobals) = postSolution
		SolutionGuid = {80CAFD4F-9943-4E77-BF54-24B76A75FA28}
	EndGlobalSection
EndGlobal
